resources_block__group__heading: 'Resources for Everyone'
resources_block__group__content: 'Poorvu Center provides world-class expertise in teaching and learning. Find what you need to become a more independent learner or create an inclusive, engaging learning environment.'
resources_block__form__heading: 'Start Your Search'
resources_block__card__heading: 'Popular Resources'
resources_block__group__link__content: 'Resource Library'
resources_block__group__link__url: 'https://www.google.com'
resources_block__group__form:
  '<form class="ys-filter-form">
    <div class="form-item js-form-type-textfield">
        <input placeholder="Search by Title or Tags" type="text" value="" size="30" maxlength="128" class="form-item__textfield">
    </div>
    <div class="form-item">
        <label class="form-item__label">For</label>
        <div class="form-item__dropdown">
            <select name="field_audience_target_id" class="form-select form-item__select">
                <option value="All" selected="selected">Any Audience</option>
                <option value="34">Graduates</option>
                <option value="35">Undergraduates</option>
            </select>
        </div>
    </div>
    <div class="form-item">
        <label class="form-item__label">Type</label>
        <div class="form-item__dropdown">
            <select name="field_type_target_id" class="form-select form-item__select">
                <option value="All" selected="selected">Any Types</option>
                <option value="40">How to</option>
            </select>
        </div>
    </div>
    <div class="form-item">
        <label class="form-item__label">Category</label>
        <div class="form-item__dropdown">
            <select name="field_category_target_id" class="form-select form-item__select">
                <option value="All" selected="selected">Any Category</option>
                <option value="36">Learning</option>
                <option value="37">Teaching</option>
            </select>
        </div>
    </div>
    <div class="form-actions js-form-wrapper form-wrapper">
        <input class="cta button js-form-submit form-submit" type="submit" value="Search">
        <input type="submit" name="op" value="Reset" class="button js-form-submit form-submit">
    </div>
</form>'